// !$*UTF8*$!
{
	archiveVersion = 1;
	classes = {
	};
	objectVersion = 56;
	objects = {

/* Begin PBXBuildFile section */
		84ECD9D72C1BF7300084E8F1 /* VeganRecipesApp.swift in Sources */ = {isa = PBXBuildFile; fileRef = 84ECD9D62C1BF7300084E8F1 /* VeganRecipesApp.swift */; };
		84ECD9D92C1BF7300084E8F1 /* ContentView.swift in Sources */ = {isa = PBXBuildFile; fileRef = 84ECD9D82C1BF7300084E8F1 /* ContentView.swift */; };
		84ECD9DB2C1BF7330084E8F1 /* Assets.xcassets in Resources */ = {isa = PBXBuildFile; fileRef = 84ECD9DA2C1BF7330084E8F1 /* Assets.xcassets */; };
		84ECD9DE2C1BF7330084E8F1 /* Preview Assets.xcassets in Resources */ = {isa = PBXBuildFile; fileRef = 84ECD9DD2C1BF7330084E8F1 /* Preview Assets.xcassets */; };
		84ECD9E82C1BF7330084E8F1 /* VeganRecipesTests.swift in Sources */ = {isa = PBXBuildFile; fileRef = 84ECD9E72C1BF7330084E8F1 /* VeganRecipesTests.swift */; };
		84ECD9F22C1BF7330084E8F1 /* VeganRecipesUITests.swift in Sources */ = {isa = PBXBuildFile; fileRef = 84ECD9F12C1BF7330084E8F1 /* VeganRecipesUITests.swift */; };
		84ECD9F42C1BF7330084E8F1 /* VeganRecipesUITestsLaunchTests.swift in Sources */ = {isa = PBXBuildFile; fileRef = 84ECD9F32C1BF7330084E8F1 /* VeganRecipesUITestsLaunchTests.swift */; };
		84ECDA0A2C1C943D0084E8F1 /* OnBoarding.swift in Sources */ = {isa = PBXBuildFile; fileRef = 84ECDA092C1C943D0084E8F1 /* OnBoarding.swift */; };
		84ECDA0C2C1C944D0084E8F1 /* CookingLevel.swift in Sources */ = {isa = PBXBuildFile; fileRef = 84ECDA0B2C1C944D0084E8F1 /* CookingLevel.swift */; };
		84ECDA112C1DDDBB0084E8F1 /* GenericButton.swift in Sources */ = {isa = PBXBuildFile; fileRef = 84ECDA102C1DDDBB0084E8F1 /* GenericButton.swift */; };
		84ECDA132C1DEC730084E8F1 /* OnBoardingB.swift in Sources */ = {isa = PBXBuildFile; fileRef = 84ECDA122C1DEC730084E8F1 /* OnBoardingB.swift */; };
/* End PBXBuildFile section */

/* Begin PBXContainerItemProxy section */
		84ECD9E42C1BF7330084E8F1 /* PBXContainerItemProxy */ = {
			isa = PBXContainerItemProxy;
			containerPortal = 84ECD9CB2C1BF7300084E8F1 /* Project object */;
			proxyType = 1;
			remoteGlobalIDString = 84ECD9D22C1BF7300084E8F1;
			remoteInfo = VeganRecipes;
		};
		84ECD9EE2C1BF7330084E8F1 /* PBXContainerItemProxy */ = {
			isa = PBXContainerItemProxy;
			containerPortal = 84ECD9CB2C1BF7300084E8F1 /* Project object */;
			proxyType = 1;
			remoteGlobalIDString = 84ECD9D22C1BF7300084E8F1;
			remoteInfo = VeganRecipes;
		};
/* End PBXContainerItemProxy section */

/* Begin PBXFileReference section */
		84ECD9D32C1BF7300084E8F1 /* VeganRecipes.app */ = {isa = PBXFileReference; explicitFileType = wrapper.application; includeInIndex = 0; path = VeganRecipes.app; sourceTree = BUILT_PRODUCTS_DIR; };
		84ECD9D62C1BF7300084E8F1 /* VeganRecipesApp.swift */ = {isa = PBXFileReference; lastKnownFileType = sourcecode.swift; path = VeganRecipesApp.swift; sourceTree = "<group>"; };
		84ECD9D82C1BF7300084E8F1 /* ContentView.swift */ = {isa = PBXFileReference; lastKnownFileType = sourcecode.swift; path = ContentView.swift; sourceTree = "<group>"; };
		84ECD9DA2C1BF7330084E8F1 /* Assets.xcassets */ = {isa = PBXFileReference; lastKnownFileType = folder.assetcatalog; path = Assets.xcassets; sourceTree = "<group>"; };
		84ECD9DD2C1BF7330084E8F1 /* Preview Assets.xcassets */ = {isa = PBXFileReference; lastKnownFileType = folder.assetcatalog; path = "Preview Assets.xcassets"; sourceTree = "<group>"; };
		84ECD9E32C1BF7330084E8F1 /* VeganRecipesTests.xctest */ = {isa = PBXFileReference; explicitFileType = wrapper.cfbundle; includeInIndex = 0; path = VeganRecipesTests.xctest; sourceTree = BUILT_PRODUCTS_DIR; };
		84ECD9E72C1BF7330084E8F1 /* VeganRecipesTests.swift */ = {isa = PBXFileReference; lastKnownFileType = sourcecode.swift; path = VeganRecipesTests.swift; sourceTree = "<group>"; };
		84ECD9ED2C1BF7330084E8F1 /* VeganRecipesUITests.xctest */ = {isa = PBXFileReference; explicitFileType = wrapper.cfbundle; includeInIndex = 0; path = VeganRecipesUITests.xctest; sourceTree = BUILT_PRODUCTS_DIR; };
		84ECD9F12C1BF7330084E8F1 /* VeganRecipesUITests.swift */ = {isa = PBXFileReference; lastKnownFileType = sourcecode.swift; path = VeganRecipesUITests.swift; sourceTree = "<group>"; };
		84ECD9F32C1BF7330084E8F1 /* VeganRecipesUITestsLaunchTests.swift */ = {isa = PBXFileReference; lastKnownFileType = sourcecode.swift; path = VeganRecipesUITestsLaunchTests.swift; sourceTree = "<group>"; };
		84ECDA092C1C943D0084E8F1 /* OnBoarding.swift */ = {isa = PBXFileReference; lastKnownFileType = sourcecode.swift; path = OnBoarding.swift; sourceTree = "<group>"; };
		84ECDA0B2C1C944D0084E8F1 /* CookingLevel.swift */ = {isa = PBXFileReference; lastKnownFileType = sourcecode.swift; path = CookingLevel.swift; sourceTree = "<group>"; };
		84ECDA102C1DDDBB0084E8F1 /* GenericButton.swift */ = {isa = PBXFileReference; lastKnownFileType = sourcecode.swift; path = GenericButton.swift; sourceTree = "<group>"; };
		84ECDA122C1DEC730084E8F1 /* OnBoardingB.swift */ = {isa = PBXFileReference; lastKnownFileType = sourcecode.swift; path = OnBoardingB.swift; sourceTree = "<group>"; };
/* End PBXFileReference section */

/* Begin PBXFrameworksBuildPhase section */
		84ECD9D02C1BF7300084E8F1 /* Frameworks */ = {
			isa = PBXFrameworksBuildPhase;
			buildActionMask = 2147483647;
			files = (
			);
			runOnlyForDeploymentPostprocessing = 0;
		};
		84ECD9E02C1BF7330084E8F1 /* Frameworks */ = {
			isa = PBXFrameworksBuildPhase;
			buildActionMask = 2147483647;
			files = (
			);
			runOnlyForDeploymentPostprocessing = 0;
		};
		84ECD9EA2C1BF7330084E8F1 /* Frameworks */ = {
			isa = PBXFrameworksBuildPhase;
			buildActionMask = 2147483647;
			files = (
			);
			runOnlyForDeploymentPostprocessing = 0;
		};
/* End PBXFrameworksBuildPhase section */

/* Begin PBXGroup section */
		84ECD9CA2C1BF7300084E8F1 = {
			isa = PBXGroup;
			children = (
				84ECD9D52C1BF7300084E8F1 /* VeganRecipes */,
				84ECD9E62C1BF7330084E8F1 /* VeganRecipesTests */,
				84ECD9F02C1BF7330084E8F1 /* VeganRecipesUITests */,
				84ECD9D42C1BF7300084E8F1 /* Products */,
			);
			sourceTree = "<group>";
		};
		84ECD9D42C1BF7300084E8F1 /* Products */ = {
			isa = PBXGroup;
			children = (
				84ECD9D32C1BF7300084E8F1 /* VeganRecipes.app */,
				84ECD9E32C1BF7330084E8F1 /* VeganRecipesTests.xctest */,
				84ECD9ED2C1BF7330084E8F1 /* VeganRecipesUITests.xctest */,
			);
			name = Products;
			sourceTree = "<group>";
		};
		84ECD9D52C1BF7300084E8F1 /* VeganRecipes */ = {
			isa = PBXGroup;
			children = (
				84ECDA0D2C1C951D0084E8F1 /* Components */,
				84ECDA082C1C942D0084E8F1 /* OnBoardingView */,
				84ECD9D62C1BF7300084E8F1 /* VeganRecipesApp.swift */,
				84ECD9D82C1BF7300084E8F1 /* ContentView.swift */,
				84ECD9DA2C1BF7330084E8F1 /* Assets.xcassets */,
				84ECD9DC2C1BF7330084E8F1 /* Preview Content */,
			);
			path = VeganRecipes;
			sourceTree = "<group>";
		};
		84ECD9DC2C1BF7330084E8F1 /* Preview Content */ = {
			isa = PBXGroup;
			children = (
				84ECD9DD2C1BF7330084E8F1 /* Preview Assets.xcassets */,
			);
			path = "Preview Content";
			sourceTree = "<group>";
		};
		84ECD9E62C1BF7330084E8F1 /* VeganRecipesTests */ = {
			isa = PBXGroup;
			children = (
				84ECD9E72C1BF7330084E8F1 /* VeganRecipesTests.swift */,
			);
			path = VeganRecipesTests;
			sourceTree = "<group>";
		};
		84ECD9F02C1BF7330084E8F1 /* VeganRecipesUITests */ = {
			isa = PBXGroup;
			children = (
				84ECD9F12C1BF7330084E8F1 /* VeganRecipesUITests.swift */,
				84ECD9F32C1BF7330084E8F1 /* VeganRecipesUITestsLaunchTests.swift */,
			);
			path = VeganRecipesUITests;
			sourceTree = "<group>";
		};
		84ECDA082C1C942D0084E8F1 /* OnBoardingView */ = {
			isa = PBXGroup;
			children = (
				84ECDA092C1C943D0084E8F1 /* OnBoarding.swift */,
				84ECDA0B2C1C944D0084E8F1 /* CookingLevel.swift */,
				84ECDA122C1DEC730084E8F1 /* OnBoardingB.swift */,
			);
			path = OnBoardingView;
			sourceTree = "<group>";
		};
		84ECDA0D2C1C951D0084E8F1 /* Components */ = {
			isa = PBXGroup;
			children = (
				84ECDA102C1DDDBB0084E8F1 /* GenericButton.swift */,
			);
			path = Components;
			sourceTree = "<group>";
		};
/* End PBXGroup section */

/* Begin PBXNativeTarget section */
		84ECD9D22C1BF7300084E8F1 /* VeganRecipes */ = {
			isa = PBXNativeTarget;
			buildConfigurationList = 84ECD9F72C1BF7330084E8F1 /* Build configuration list for PBXNativeTarget "VeganRecipes" */;
			buildPhases = (
				84ECD9CF2C1BF7300084E8F1 /* Sources */,
				84ECD9D02C1BF7300084E8F1 /* Frameworks */,
				84ECD9D12C1BF7300084E8F1 /* Resources */,
			);
			buildRules = (
			);
			dependencies = (
			);
			name = VeganRecipes;
			productName = VeganRecipes;
			productReference = 84ECD9D32C1BF7300084E8F1 /* VeganRecipes.app */;
			productType = "com.apple.product-type.application";
		};
		84ECD9E22C1BF7330084E8F1 /* VeganRecipesTests */ = {
			isa = PBXNativeTarget;
			buildConfigurationList = 84ECD9FA2C1BF7330084E8F1 /* Build configuration list for PBXNativeTarget "VeganRecipesTests" */;
			buildPhases = (
				84ECD9DF2C1BF7330084E8F1 /* Sources */,
				84ECD9E02C1BF7330084E8F1 /* Frameworks */,
				84ECD9E12C1BF7330084E8F1 /* Resources */,
			);
			buildRules = (
			);
			dependencies = (
				84ECD9E52C1BF7330084E8F1 /* PBXTargetDependency */,
			);
			name = VeganRecipesTests;
			productName = VeganRecipesTests;
			productReference = 84ECD9E32C1BF7330084E8F1 /* VeganRecipesTests.xctest */;
			productType = "com.apple.product-type.bundle.unit-test";
		};
		84ECD9EC2C1BF7330084E8F1 /* VeganRecipesUITests */ = {
			isa = PBXNativeTarget;
			buildConfigurationList = 84ECD9FD2C1BF7330084E8F1 /* Build configuration list for PBXNativeTarget "VeganRecipesUITests" */;
			buildPhases = (
				84ECD9E92C1BF7330084E8F1 /* Sources */,
				84ECD9EA2C1BF7330084E8F1 /* Frameworks */,
				84ECD9EB2C1BF7330084E8F1 /* Resources */,
			);
			buildRules = (
			);
			dependencies = (
				84ECD9EF2C1BF7330084E8F1 /* PBXTargetDependency */,
			);
			name = VeganRecipesUITests;
			productName = VeganRecipesUITests;
			productReference = 84ECD9ED2C1BF7330084E8F1 /* VeganRecipesUITests.xctest */;
			productType = "com.apple.product-type.bundle.ui-testing";
		};
/* End PBXNativeTarget section */

/* Begin PBXProject section */
		84ECD9CB2C1BF7300084E8F1 /* Project object */ = {
			isa = PBXProject;
			attributes = {
				BuildIndependentTargetsInParallel = 1;
				LastSwiftUpdateCheck = 1520;
				LastUpgradeCheck = 1520;
				TargetAttributes = {
					84ECD9D22C1BF7300084E8F1 = {
						CreatedOnToolsVersion = 15.2;
					};
					84ECD9E22C1BF7330084E8F1 = {
						CreatedOnToolsVersion = 15.2;
						TestTargetID = 84ECD9D22C1BF7300084E8F1;
					};
					84ECD9EC2C1BF7330084E8F1 = {
						CreatedOnToolsVersion = 15.2;
						TestTargetID = 84ECD9D22C1BF7300084E8F1;
					};
				};
			};
			buildConfigurationList = 84ECD9CE2C1BF7300084E8F1 /* Build configuration list for PBXProject "VeganRecipes" */;
			compatibilityVersion = "Xcode 14.0";
			developmentRegion = en;
			hasScannedForEncodings = 0;
			knownRegions = (
				en,
				Base,
			);
			mainGroup = 84ECD9CA2C1BF7300084E8F1;
			productRefGroup = 84ECD9D42C1BF7300084E8F1 /* Products */;
			projectDirPath = "";
			projectRoot = "";
			targets = (
				84ECD9D22C1BF7300084E8F1 /* VeganRecipes */,
				84ECD9E22C1BF7330084E8F1 /* VeganRecipesTests */,
				84ECD9EC2C1BF7330084E8F1 /* VeganRecipesUITests */,
			);
		};
/* End PBXProject section */

/* Begin PBXResourcesBuildPhase section */
		84ECD9D12C1BF7300084E8F1 /* Resources */ = {
			isa = PBXResourcesBuildPhase;
			buildActionMask = 2147483647;
			files = (
				84ECD9DE2C1BF7330084E8F1 /* Preview Assets.xcassets in Resources */,
				84ECD9DB2C1BF7330084E8F1 /* Assets.xcassets in Resources */,
			);
			runOnlyForDeploymentPostprocessing = 0;
		};
		84ECD9E12C1BF7330084E8F1 /* Resources */ = {
			isa = PBXResourcesBuildPhase;
			buildActionMask = 2147483647;
			files = (
			);
			runOnlyForDeploymentPostprocessing = 0;
		};
		84ECD9EB2C1BF7330084E8F1 /* Resources */ = {
			isa = PBXResourcesBuildPhase;
			buildActionMask = 2147483647;
			files = (
			);
			runOnlyForDeploymentPostprocessing = 0;
		};
/* End PBXResourcesBuildPhase section */

/* Begin PBXSourcesBuildPhase section */
		84ECD9CF2C1BF7300084E8F1 /* Sources */ = {
			isa = PBXSourcesBuildPhase;
			buildActionMask = 2147483647;
			files = (
				84ECD9D92C1BF7300084E8F1 /* ContentView.swift in Sources */,
				84ECDA0A2C1C943D0084E8F1 /* OnBoarding.swift in Sources */,
				84ECD9D72C1BF7300084E8F1 /* VeganRecipesApp.swift in Sources */,
				84ECDA0C2C1C944D0084E8F1 /* CookingLevel.swift in Sources */,
				84ECDA112C1DDDBB0084E8F1 /* GenericButton.swift in Sources */,
				84ECDA132C1DEC730084E8F1 /* OnBoardingB.swift in Sources */,
			);
			runOnlyForDeploymentPostprocessing = 0;
		};
		84ECD9DF2C1BF7330084E8F1 /* Sources */ = {
			isa = PBXSourcesBuildPhase;
			buildActionMask = 2147483647;
			files = (
				84ECD9E82C1BF7330084E8F1 /* VeganRecipesTests.swift in Sources */,
			);
			runOnlyForDeploymentPostprocessing = 0;
		};
		84ECD9E92C1BF7330084E8F1 /* Sources */ = {
			isa = PBXSourcesBuildPhase;
			buildActionMask = 2147483647;
			files = (
				84ECD9F42C1BF7330084E8F1 /* VeganRecipesUITestsLaunchTests.swift in Sources */,
				84ECD9F22C1BF7330084E8F1 /* VeganRecipesUITests.swift in Sources */,
			);
			runOnlyForDeploymentPostprocessing = 0;
		};
/* End PBXSourcesBuildPhase section */

/* Begin PBXTargetDependency section */
		84ECD9E52C1BF7330084E8F1 /* PBXTargetDependency */ = {
			isa = PBXTargetDependency;
			target = 84ECD9D22C1BF7300084E8F1 /* VeganRecipes */;
			targetProxy = 84ECD9E42C1BF7330084E8F1 /* PBXContainerItemProxy */;
		};
		84ECD9EF2C1BF7330084E8F1 /* PBXTargetDependency */ = {
			isa = PBXTargetDependency;
			target = 84ECD9D22C1BF7300084E8F1 /* VeganRecipes */;
			targetProxy = 84ECD9EE2C1BF7330084E8F1 /* PBXContainerItemProxy */;
		};
/* End PBXTargetDependency section */

/* Begin XCBuildConfiguration section */
		84ECD9F52C1BF7330084E8F1 /* Debug */ = {
			isa = XCBuildConfiguration;
			buildSettings = {
				ALWAYS_SEARCH_USER_PATHS = NO;
				ASSETCATALOG_COMPILER_GENERATE_SWIFT_ASSET_SYMBOL_EXTENSIONS = YES;
				CLANG_ANALYZER_NONNULL = YES;
				CLANG_ANALYZER_NUMBER_OBJECT_CONVERSION = YES_AGGRESSIVE;
				CLANG_CXX_LANGUAGE_STANDARD = "gnu++20";
				CLANG_ENABLE_MODULES = YES;
				CLANG_ENABLE_OBJC_ARC = YES;
				CLANG_ENABLE_OBJC_WEAK = YES;
				CLANG_WARN_BLOCK_CAPTURE_AUTORELEASING = YES;
				CLANG_WARN_BOOL_CONVERSION = YES;
				CLANG_WARN_COMMA = YES;
				CLANG_WARN_CONSTANT_CONVERSION = YES;
				CLANG_WARN_DEPRECATED_OBJC_IMPLEMENTATIONS = YES;
				CLANG_WARN_DIRECT_OBJC_ISA_USAGE = YES_ERROR;
				CLANG_WARN_DOCUMENTATION_COMMENTS = YES;
				CLANG_WARN_EMPTY_BODY = YES;
				CLANG_WARN_ENUM_CONVERSION = YES;
				CLANG_WARN_INFINITE_RECURSION = YES;
				CLANG_WARN_INT_CONVERSION = YES;
				CLANG_WARN_NON_LITERAL_NULL_CONVERSION = YES;
				CLANG_WARN_OBJC_IMPLICIT_RETAIN_SELF = YES;
				CLANG_WARN_OBJC_LITERAL_CONVERSION = YES;
				CLANG_WARN_OBJC_ROOT_CLASS = YES_ERROR;
				CLANG_WARN_QUOTED_INCLUDE_IN_FRAMEWORK_HEADER = YES;
				CLANG_WARN_RANGE_LOOP_ANALYSIS = YES;
				CLANG_WARN_STRICT_PROTOTYPES = YES;
				CLANG_WARN_SUSPICIOUS_MOVE = YES;
				CLANG_WARN_UNGUARDED_AVAILABILITY = YES_AGGRESSIVE;
				CLANG_WARN_UNREACHABLE_CODE = YES;
				CLANG_WARN__DUPLICATE_METHOD_MATCH = YES;
				COPY_PHASE_STRIP = NO;
				DEBUG_INFORMATION_FORMAT = dwarf;
				ENABLE_STRICT_OBJC_MSGSEND = YES;
				ENABLE_TESTABILITY = YES;
				ENABLE_USER_SCRIPT_SANDBOXING = YES;
				GCC_C_LANGUAGE_STANDARD = gnu17;
				GCC_DYNAMIC_NO_PIC = NO;
				GCC_NO_COMMON_BLOCKS = YES;
				GCC_OPTIMIZATION_LEVEL = 0;
				GCC_PREPROCESSOR_DEFINITIONS = (
					"DEBUG=1",
					"$(inherited)",
				);
				GCC_WARN_64_TO_32_BIT_CONVERSION = YES;
				GCC_WARN_ABOUT_RETURN_TYPE = YES_ERROR;
				GCC_WARN_UNDECLARED_SELECTOR = YES;
				GCC_WARN_UNINITIALIZED_AUTOS = YES_AGGRESSIVE;
				GCC_WARN_UNUSED_FUNCTION = YES;
				GCC_WARN_UNUSED_VARIABLE = YES;
				IPHONEOS_DEPLOYMENT_TARGET = 17.2;
				LOCALIZATION_PREFERS_STRING_CATALOGS = YES;
				MTL_ENABLE_DEBUG_INFO = INCLUDE_SOURCE;
				MTL_FAST_MATH = YES;
				ONLY_ACTIVE_ARCH = YES;
				SDKROOT = iphoneos;
				SWIFT_ACTIVE_COMPILATION_CONDITIONS = "DEBUG $(inherited)";
				SWIFT_OPTIMIZATION_LEVEL = "-Onone";
			};
			name = Debug;
		};
		84ECD9F62C1BF7330084E8F1 /* Release */ = {
			isa = XCBuildConfiguration;
			buildSettings = {
				ALWAYS_SEARCH_USER_PATHS = NO;
				ASSETCATALOG_COMPILER_GENERATE_SWIFT_ASSET_SYMBOL_EXTENSIONS = YES;
				CLANG_ANALYZER_NONNULL = YES;
				CLANG_ANALYZER_NUMBER_OBJECT_CONVERSION = YES_AGGRESSIVE;
				CLANG_CXX_LANGUAGE_STANDARD = "gnu++20";
				CLANG_ENABLE_MODULES = YES;
				CLANG_ENABLE_OBJC_ARC = YES;
				CLANG_ENABLE_OBJC_WEAK = YES;
				CLANG_WARN_BLOCK_CAPTURE_AUTORELEASING = YES;
				CLANG_WARN_BOOL_CONVERSION = YES;
				CLANG_WARN_COMMA = YES;
				CLANG_WARN_CONSTANT_CONVERSION = YES;
				CLANG_WARN_DEPRECATED_OBJC_IMPLEMENTATIONS = YES;
				CLANG_WARN_DIRECT_OBJC_ISA_USAGE = YES_ERROR;
				CLANG_WARN_DOCUMENTATION_COMMENTS = YES;
				CLANG_WARN_EMPTY_BODY = YES;
				CLANG_WARN_ENUM_CONVERSION = YES;
				CLANG_WARN_INFINITE_RECURSION = YES;
				CLANG_WARN_INT_CONVERSION = YES;
				CLANG_WARN_NON_LITERAL_NULL_CONVERSION = YES;
				CLANG_WARN_OBJC_IMPLICIT_RETAIN_SELF = YES;
				CLANG_WARN_OBJC_LITERAL_CONVERSION = YES;
				CLANG_WARN_OBJC_ROOT_CLASS = YES_ERROR;
				CLANG_WARN_QUOTED_INCLUDE_IN_FRAMEWORK_HEADER = YES;
				CLANG_WARN_RANGE_LOOP_ANALYSIS = YES;
				CLANG_WARN_STRICT_PROTOTYPES = YES;
				CLANG_WARN_SUSPICIOUS_MOVE = YES;
				CLANG_WARN_UNGUARDED_AVAILABILITY = YES_AGGRESSIVE;
				CLANG_WARN_UNREACHABLE_CODE = YES;
				CLANG_WARN__DUPLICATE_METHOD_MATCH = YES;
				COPY_PHASE_STRIP = NO;
				DEBUG_INFORMATION_FORMAT = "dwarf-with-dsym";
				ENABLE_NS_ASSERTIONS = NO;
				ENABLE_STRICT_OBJC_MSGSEND = YES;
				ENABLE_USER_SCRIPT_SANDBOXING = YES;
				GCC_C_LANGUAGE_STANDARD = gnu17;
				GCC_NO_COMMON_BLOCKS = YES;
				GCC_WARN_64_TO_32_BIT_CONVERSION = YES;
				GCC_WARN_ABOUT_RETURN_TYPE = YES_ERROR;
				GCC_WARN_UNDECLARED_SELECTOR = YES;
				GCC_WARN_UNINITIALIZED_AUTOS = YES_AGGRESSIVE;
				GCC_WARN_UNUSED_FUNCTION = YES;
				GCC_WARN_UNUSED_VARIABLE = YES;
				IPHONEOS_DEPLOYMENT_TARGET = 17.2;
				LOCALIZATION_PREFERS_STRING_CATALOGS = YES;
				MTL_ENABLE_DEBUG_INFO = NO;
				MTL_FAST_MATH = YES;
				SDKROOT = iphoneos;
				SWIFT_COMPILATION_MODE = wholemodule;
				VALIDATE_PRODUCT = YES;
			};
			name = Release;
		};
		84ECD9F82C1BF7330084E8F1 /* Debug */ = {
			isa = XCBuildConfiguration;
			buildSettings = {
				ASSETCATALOG_COMPILER_APPICON_NAME = AppIcon;
				ASSETCATALOG_COMPILER_GLOBAL_ACCENT_COLOR_NAME = AccentColor;
				CODE_SIGN_STYLE = Automatic;
				CURRENT_PROJECT_VERSION = 1;
				DEVELOPMENT_ASSET_PATHS = "\"VeganRecipes/Preview Content\"";
				DEVELOPMENT_TEAM = ADH88X6K38;
				ENABLE_PREVIEWS = YES;
				GENERATE_INFOPLIST_FILE = YES;
				INFOPLIST_KEY_UIApplicationSceneManifest_Generation = YES;
				INFOPLIST_KEY_UIApplicationSupportsIndirectInputEvents = YES;
				INFOPLIST_KEY_UILaunchScreen_Generation = YES;
				INFOPLIST_KEY_UISupportedInterfaceOrientations_iPad = "UIInterfaceOrientationPortrait UIInterfaceOrientationPortraitUpsideDown UIInterfaceOrientationLandscapeLeft UIInterfaceOrientationLandscapeRight";
				INFOPLIST_KEY_UISupportedInterfaceOrientations_iPhone = "UIInterfaceOrientationPortrait UIInterfaceOrientationLandscapeLeft UIInterfaceOrientationLandscapeRight";
				LD_RUNPATH_SEARCH_PATHS = (
					"$(inherited)",
					"@executable_path/Frameworks",
				);
				MARKETING_VERSION = 1.0;
				PRODUCT_BUNDLE_IDENTIFIER = com.jpontel.guigo.VeganRecipes;
				PRODUCT_NAME = "$(TARGET_NAME)";
				SWIFT_EMIT_LOC_STRINGS = YES;
				SWIFT_VERSION = 5.0;
				TARGETED_DEVICE_FAMILY = "1,2";
			};
			name = Debug;
		};
		84ECD9F92C1BF7330084E8F1 /* Release */ = {
			isa = XCBuildConfiguration;
			buildSettings = {
				ASSETCATALOG_COMPILER_APPICON_NAME = AppIcon;
				ASSETCATALOG_COMPILER_GLOBAL_ACCENT_COLOR_NAME = AccentColor;
				CODE_SIGN_STYLE = Automatic;
				CURRENT_PROJECT_VERSION = 1;
				DEVELOPMENT_ASSET_PATHS = "\"VeganRecipes/Preview Content\"";
				DEVELOPMENT_TEAM = ADH88X6K38;
				ENABLE_PREVIEWS = YES;
				GENERATE_INFOPLIST_FILE = YES;
				INFOPLIST_KEY_UIApplicationSceneManifest_Generation = YES;
				INFOPLIST_KEY_UIApplicationSupportsIndirectInputEvents = YES;
				INFOPLIST_KEY_UILaunchScreen_Generation = YES;
				INFOPLIST_KEY_UISupportedInterfaceOrientations_iPad = "UIInterfaceOrientationPortrait UIInterfaceOrientationPortraitUpsideDown UIInterfaceOrientationLandscapeLeft UIInterfaceOrientationLandscapeRight";
				INFOPLIST_KEY_UISupportedInterfaceOrientations_iPhone = "UIInterfaceOrientationPortrait UIInterfaceOrientationLandscapeLeft UIInterfaceOrientationLandscapeRight";
				LD_RUNPATH_SEARCH_PATHS = (
					"$(inherited)",
					"@executable_path/Frameworks",
				);
				MARKETING_VERSION = 1.0;
				PRODUCT_BUNDLE_IDENTIFIER = com.jpontel.guigo.VeganRecipes;
				PRODUCT_NAME = "$(TARGET_NAME)";
				SWIFT_EMIT_LOC_STRINGS = YES;
				SWIFT_VERSION = 5.0;
				TARGETED_DEVICE_FAMILY = "1,2";
			};
			name = Release;
		};
		84ECD9FB2C1BF7330084E8F1 /* Debug */ = {
			isa = XCBuildConfiguration;
			buildSettings = {
				ALWAYS_EMBED_SWIFT_STANDARD_LIBRARIES = YES;
				BUNDLE_LOADER = "$(TEST_HOST)";
				CODE_SIGN_STYLE = Automatic;
				CURRENT_PROJECT_VERSION = 1;
				DEVELOPMENT_TEAM = ADH88X6K38;
				GENERATE_INFOPLIST_FILE = YES;
				IPHONEOS_DEPLOYMENT_TARGET = 17.2;
				MARKETING_VERSION = 1.0;
				PRODUCT_BUNDLE_IDENTIFIER = com.jpontel.guigo.VeganRecipesTests;
				PRODUCT_NAME = "$(TARGET_NAME)";
				SWIFT_EMIT_LOC_STRINGS = NO;
				SWIFT_VERSION = 5.0;
				TARGETED_DEVICE_FAMILY = "1,2";
				TEST_HOST = "$(BUILT_PRODUCTS_DIR)/VeganRecipes.app/$(BUNDLE_EXECUTABLE_FOLDER_PATH)/VeganRecipes";
			};
			name = Debug;
		};
		84ECD9FC2C1BF7330084E8F1 /* Release */ = {
			isa = XCBuildConfiguration;
			buildSettings = {
				ALWAYS_EMBED_SWIFT_STANDARD_LIBRARIES = YES;
				BUNDLE_LOADER = "$(TEST_HOST)";
				CODE_SIGN_STYLE = Automatic;
				CURRENT_PROJECT_VERSION = 1;
				DEVELOPMENT_TEAM = ADH88X6K38;
				GENERATE_INFOPLIST_FILE = YES;
				IPHONEOS_DEPLOYMENT_TARGET = 17.2;
				MARKETING_VERSION = 1.0;
				PRODUCT_BUNDLE_IDENTIFIER = com.jpontel.guigo.VeganRecipesTests;
				PRODUCT_NAME = "$(TARGET_NAME)";
				SWIFT_EMIT_LOC_STRINGS = NO;
				SWIFT_VERSION = 5.0;
				TARGETED_DEVICE_FAMILY = "1,2";
				TEST_HOST = "$(BUILT_PRODUCTS_DIR)/VeganRecipes.app/$(BUNDLE_EXECUTABLE_FOLDER_PATH)/VeganRecipes";
			};
			name = Release;
		};
		84ECD9FE2C1BF7330084E8F1 /* Debug */ = {
			isa = XCBuildConfiguration;
			buildSettings = {
				ALWAYS_EMBED_SWIFT_STANDARD_LIBRARIES = YES;
				CODE_SIGN_STYLE = Automatic;
				CURRENT_PROJECT_VERSION = 1;
				DEVELOPMENT_TEAM = ADH88X6K38;
				GENERATE_INFOPLIST_FILE = YES;
				MARKETING_VERSION = 1.0;
				PRODUCT_BUNDLE_IDENTIFIER = com.jpontel.guigo.VeganRecipesUITests;
				PRODUCT_NAME = "$(TARGET_NAME)";
				SWIFT_EMIT_LOC_STRINGS = NO;
				SWIFT_VERSION = 5.0;
				TARGETED_DEVICE_FAMILY = "1,2";
				TEST_TARGET_NAME = VeganRecipes;
			};
			name = Debug;
		};
		84ECD9FF2C1BF7330084E8F1 /* Release */ = {
			isa = XCBuildConfiguration;
			buildSettings = {
				ALWAYS_EMBED_SWIFT_STANDARD_LIBRARIES = YES;
				CODE_SIGN_STYLE = Automatic;
				CURRENT_PROJECT_VERSION = 1;
				DEVELOPMENT_TEAM = ADH88X6K38;
				GENERATE_INFOPLIST_FILE = YES;
				MARKETING_VERSION = 1.0;
				PRODUCT_BUNDLE_IDENTIFIER = com.jpontel.guigo.VeganRecipesUITests;
				PRODUCT_NAME = "$(TARGET_NAME)";
				SWIFT_EMIT_LOC_STRINGS = NO;
				SWIFT_VERSION = 5.0;
				TARGETED_DEVICE_FAMILY = "1,2";
				TEST_TARGET_NAME = VeganRecipes;
			};
			name = Release;
		};
/* End XCBuildConfiguration section */

/* Begin XCConfigurationList section */
		84ECD9CE2C1BF7300084E8F1 /* Build configuration list for PBXProject "VeganRecipes" */ = {
			isa = XCConfigurationList;
			buildConfigurations = (
				84ECD9F52C1BF7330084E8F1 /* Debug */,
				84ECD9F62C1BF7330084E8F1 /* Release */,
			);
			defaultConfigurationIsVisible = 0;
			defaultConfigurationName = Release;
		};
		84ECD9F72C1BF7330084E8F1 /* Build configuration list for PBXNativeTarget "VeganRecipes" */ = {
			isa = XCConfigurationList;
			buildConfigurations = (
				84ECD9F82C1BF7330084E8F1 /* Debug */,
				84ECD9F92C1BF7330084E8F1 /* Release */,
			);
			defaultConfigurationIsVisible = 0;
			defaultConfigurationName = Release;
		};
		84ECD9FA2C1BF7330084E8F1 /* Build configuration list for PBXNativeTarget "VeganRecipesTests" */ = {
			isa = XCConfigurationList;
			buildConfigurations = (
				84ECD9FB2C1BF7330084E8F1 /* Debug */,
				84ECD9FC2C1BF7330084E8F1 /* Release */,
			);
			defaultConfigurationIsVisible = 0;
			defaultConfigurationName = Release;
		};
		84ECD9FD2C1BF7330084E8F1 /* Build configuration list for PBXNativeTarget "VeganRecipesUITests" */ = {
			isa = XCConfigurationList;
			buildConfigurations = (
				84ECD9FE2C1BF7330084E8F1 /* Debug */,
				84ECD9FF2C1BF7330084E8F1 /* Release */,
			);
			defaultConfigurationIsVisible = 0;
			defaultConfigurationName = Release;
		};
/* End XCConfigurationList section */
	};
	rootObject = 84ECD9CB2C1BF7300084E8F1 /* Project object */;
}
